PODS:
  - Alamofire (3.4.0)
  - AMap3DMap (3.3.2)
  - AMapSearch (3.3.0)
  - Reachability (3.2)
  - SDWebImage (3.7.6):
    - SDWebImage/Core (= 3.7.6)
  - SDWebImage/Core (3.7.6)
  - SVProgressHUD (2.0.3)

DEPENDENCIES:
  - Alamofire (~> 3.3)
  - AMap3DMap
  - AMapSearch
  - Reachability (~> 3.2)
  - SDWebImage (~> 3.7)
  - SVProgressHUD

SPEC CHECKSUMS:
  Alamofire: c19a627cefd6a95f840401c49ab1f124e07f54ee
  AMap3DMap: 6315b7489cb60b1c47bb51169b409c20efa5f527
  AMapSearch: cff4faf59c007f7d1f2bae2d7170c3912783981a
  Reachability: 33e18b67625424e47b6cde6d202dce689ad7af96
  SDWebImage: c325cf02c30337336b95beff20a13df489ec0ec9
  SVProgressHUD: b0830714205bea1317ea1a2ebc71e5633af334d4

COCOAPODS: 0.39.0
